
Microsoft Visual Studio Solution File, Format Version 12.00
# Visual Studio 15
VisualStudioVersion = 15.0.28307.136
MinimumVisualStudioVersion = 10.0.40219.1
Project("{FAE04EC0-301F-11D3-BF4B-00C04F79EFBC}") = "ManagementLibrary", "ManagementLibrary\ManagementLibrary.csproj", "{C7D8A657-1ACD-4381-898F-97913D45726B}"
EndProject
Project("{00D1A9C2-B5F0-4AF3-8072-F6C62B433612}") = "PMS_DB", "PMS_DB\PMS_DB.sqlproj", "{5E35988E-5B29-4085-90F6-F50ED8A38FC8}"
EndProject
Project("{FAE04EC0-301F-11D3-BF4B-00C04F79EFBC}") = "WebApi_v1", "WebApi_v1\WebApi_v1.csproj", "{7B1A30B3-164C-4706-931D-8C9F3EFA479A}"
EndProject
Global
	GlobalSection(SolutionConfigurationPlatforms) = preSolution
		Debug|Any CPU = Debug|Any CPU
		Release|Any CPU = Release|Any CPU
	EndGlobalSection
	GlobalSection(ProjectConfigurationPlatforms) = postSolution
		{C7D8A657-1ACD-4381-898F-97913D45726B}.Debug|Any CPU.ActiveCfg = Debug|Any CPU
		{C7D8A657-1ACD-4381-898F-97913D45726B}.Debug|Any CPU.Build.0 = Debug|Any CPU
		{C7D8A657-1ACD-4381-898F-97913D45726B}.Release|Any CPU.ActiveCfg = Release|Any CPU
		{C7D8A657-1ACD-4381-898F-97913D45726B}.Release|Any CPU.Build.0 = Release|Any CPU
		{5E35988E-5B29-4085-90F6-F50ED8A38FC8}.Debug|Any CPU.ActiveCfg = Debug|Any CPU
		{5E35988E-5B29-4085-90F6-F50ED8A38FC8}.Debug|Any CPU.Build.0 = Debug|Any CPU
		{5E35988E-5B29-4085-90F6-F50ED8A38FC8}.Debug|Any CPU.Deploy.0 = Debug|Any CPU
		{5E35988E-5B29-4085-90F6-F50ED8A38FC8}.Release|Any CPU.ActiveCfg = Release|Any CPU
		{5E35988E-5B29-4085-90F6-F50ED8A38FC8}.Release|Any CPU.Build.0 = Release|Any CPU
		{5E35988E-5B29-4085-90F6-F50ED8A38FC8}.Release|Any CPU.Deploy.0 = Release|Any CPU
		{7B1A30B3-164C-4706-931D-8C9F3EFA479A}.Debug|Any CPU.ActiveCfg = Debug|Any CPU
		{7B1A30B3-164C-4706-931D-8C9F3EFA479A}.Debug|Any CPU.Build.0 = Debug|Any CPU
		{7B1A30B3-164C-4706-931D-8C9F3EFA479A}.Release|Any CPU.ActiveCfg = Release|Any CPU
		{7B1A30B3-164C-4706-931D-8C9F3EFA479A}.Release|Any CPU.Build.0 = Release|Any CPU
	EndGlobalSection
	GlobalSection(SolutionProperties) = preSolution
		HideSolutionNode = FALSE
	EndGlobalSection
	GlobalSection(ExtensibilityGlobals) = postSolution
		SolutionGuid = {920D355D-01B3-4A0E-AA39-3DF40722A56A}
	EndGlobalSection
EndGlobal
